{
  "name": "adventofcode",
  "lockfileVersion": 2,
  "requires": true,
  "packages": {
    "": {
      "dependencies": {
        "ramda": "^0.29.1"
      },
      "devDependencies": {
        "@types/ramda": "^0.29.9"
      }
    },
    "node_modules/@types/ramda": {
      "version": "0.29.9",
      "resolved": "https://registry.npmjs.org/@types/ramda/-/ramda-0.29.9.tgz",
      "integrity": "sha512-X3yEG6tQCWBcUAql+RPC/O1Hm9BSU+MXu2wJnCETuAgUlrEDwTA1kIOdEEE4YXDtf0zfQLHa9CCE7WYp9kqPIQ==",
      "dev": true,
      "dependencies": {
        "types-ramda": "^0.29.6"
      }
    },
    "node_modules/ramda": {
      "version": "0.29.1",
      "resolved": "https://registry.npmjs.org/ramda/-/ramda-0.29.1.tgz",
      "integrity": "sha512-OfxIeWzd4xdUNxlWhgFazxsA/nl3mS4/jGZI5n00uWOoSSFRhC1b6gl6xvmzUamgmqELraWp0J/qqVlXYPDPyA==",
      "funding": {
        "type": "opencollective",
        "url": "https://opencollective.com/ramda"
      }
    },
    "node_modules/ts-toolbelt": {
      "version": "9.6.0",
      "resolved": "https://registry.npmjs.org/ts-toolbelt/-/ts-toolbelt-9.6.0.tgz",
      "integrity": "sha512-nsZd8ZeNUzukXPlJmTBwUAuABDe/9qtVDelJeT/qW0ow3ZS3BsQJtNkan1802aM9Uf68/Y8ljw86Hu0h5IUW3w==",
      "dev": true
    },
    "node_modules/types-ramda": {
      "version": "0.29.6",
      "resolved": "https://registry.npmjs.org/types-ramda/-/types-ramda-0.29.6.tgz",
      "integrity": "sha512-VJoOk1uYNh9ZguGd3eZvqkdhD4hTGtnjRBUx5Zc0U9ftmnCgiWcSj/lsahzKunbiwRje1MxxNkEy1UdcXRCpYw==",
      "dev": true,
      "dependencies": {
        "ts-toolbelt": "^9.6.0"
      }
    }
  },
  "dependencies": {
    "@types/ramda": {
      "version": "0.29.9",
      "resolved": "https://registry.npmjs.org/@types/ramda/-/ramda-0.29.9.tgz",
      "integrity": "sha512-X3yEG6tQCWBcUAql+RPC/O1Hm9BSU+MXu2wJnCETuAgUlrEDwTA1kIOdEEE4YXDtf0zfQLHa9CCE7WYp9kqPIQ==",
      "dev": true,
      "requires": {
        "types-ramda": "^0.29.6"
      }
    },
    "ramda": {
      "version": "0.29.1",
      "resolved": "https://registry.npmjs.org/ramda/-/ramda-0.29.1.tgz",
      "integrity": "sha512-OfxIeWzd4xdUNxlWhgFazxsA/nl3mS4/jGZI5n00uWOoSSFRhC1b6gl6xvmzUamgmqELraWp0J/qqVlXYPDPyA=="
    },
    "ts-toolbelt": {
      "version": "9.6.0",
      "resolved": "https://registry.npmjs.org/ts-toolbelt/-/ts-toolbelt-9.6.0.tgz",
      "integrity": "sha512-nsZd8ZeNUzukXPlJmTBwUAuABDe/9qtVDelJeT/qW0ow3ZS3BsQJtNkan1802aM9Uf68/Y8ljw86Hu0h5IUW3w==",
      "dev": true
    },
    "types-ramda": {
      "version": "0.29.6",
      "resolved": "https://registry.npmjs.org/types-ramda/-/types-ramda-0.29.6.tgz",
      "integrity": "sha512-VJoOk1uYNh9ZguGd3eZvqkdhD4hTGtnjRBUx5Zc0U9ftmnCgiWcSj/lsahzKunbiwRje1MxxNkEy1UdcXRCpYw==",
      "dev": true,
      "requires": {
        "ts-toolbelt": "^9.6.0"
      }
    }
  }
}
